
Microsoft Visual Studio Solution File, Format Version 12.00
# Visual Studio Version 17
VisualStudioVersion = 17.0.32126.317
MinimumVisualStudioVersion = 10.0.40219.1
Project("{00D1A9C2-B5F0-4AF3-8072-F6C62B433612}") = "SqlServerDatabase", "SqlServerDatabase\SqlServerDatabase.sqlproj", "{3A0856BF-05CB-49CF-8472-B611F81EF058}"
EndProject
Global
	GlobalSection(SolutionConfigurationPlatforms) = preSolution
		Debug|Any CPU = Debug|Any CPU
		Release|Any CPU = Release|Any CPU
	EndGlobalSection
	GlobalSection(ProjectConfigurationPlatforms) = postSolution
		{3A0856BF-05CB-49CF-8472-B611F81EF058}.Debug|Any CPU.ActiveCfg = Debug|Any CPU
		{3A0856BF-05CB-49CF-8472-B611F81EF058}.Debug|Any CPU.Build.0 = Debug|Any CPU
		{3A0856BF-05CB-49CF-8472-B611F81EF058}.Debug|Any CPU.Deploy.0 = Debug|Any CPU
		{3A0856BF-05CB-49CF-8472-B611F81EF058}.Release|Any CPU.ActiveCfg = Release|Any CPU
		{3A0856BF-05CB-49CF-8472-B611F81EF058}.Release|Any CPU.Build.0 = Release|Any CPU
		{3A0856BF-05CB-49CF-8472-B611F81EF058}.Release|Any CPU.Deploy.0 = Release|Any CPU
	EndGlobalSection
	GlobalSection(SolutionProperties) = preSolution
		HideSolutionNode = FALSE
	EndGlobalSection
	GlobalSection(ExtensibilityGlobals) = postSolution
		SolutionGuid = {864B3655-E8D6-441D-8126-131B1B86156F}
	EndGlobalSection
EndGlobal
